{
  "requires": true,
  "lockfileVersion": 1,
  "dependencies": {
    "eslint-config-fliplet": {
      "version": "1.0.5",
      "resolved": "https://registry.npmjs.org/eslint-config-fliplet/-/eslint-config-fliplet-1.0.5.tgz",
      "integrity": "sha512-Dorej3GJ9TuHOoak7j5/4TzZEPHwEdvZbEiMjFwerG9TCHjKpoTN/CEHWlOcQOsO7uMLEMZrnjGVU9laVW70Dw=="
    }
  }
}
